
Microsoft Visual Studio Solution File, Format Version 12.00
# Visual Studio Version 16
VisualStudioVersion = 25.0.1706.6
MinimumVisualStudioVersion = 10.0.40219.1
Project("{FAE04EC0-301F-11D3-BF4B-00C04F79EFBC}") = "FileSystemWatcher", "FileSystemWatcher.csproj", "{16043ACF-B294-49C2-8AD9-93DD8A57308A}"
EndProject
Global
	GlobalSection(SolutionConfigurationPlatforms) = preSolution
		Debug|Any CPU = Debug|Any CPU
		Release|Any CPU = Release|Any CPU
	EndGlobalSection
	GlobalSection(ProjectConfigurationPlatforms) = postSolution
		{16043ACF-B294-49C2-8AD9-93DD8A57308A}.Debug|Any CPU.ActiveCfg = Debug|Any CPU
		{16043ACF-B294-49C2-8AD9-93DD8A57308A}.Debug|Any CPU.Build.0 = Debug|Any CPU
		{16043ACF-B294-49C2-8AD9-93DD8A57308A}.Release|Any CPU.ActiveCfg = Release|Any CPU
		{16043ACF-B294-49C2-8AD9-93DD8A57308A}.Release|Any CPU.Build.0 = Release|Any CPU
	EndGlobalSection
	GlobalSection(SolutionProperties) = preSolution
		HideSolutionNode = FALSE
	EndGlobalSection
	GlobalSection(ExtensibilityGlobals) = postSolution
		SolutionGuid = {168A459A-EBBE-48C6-823B-7C5E80CB37E8}
	EndGlobalSection
EndGlobal
