
Microsoft Visual Studio Solution File, Format Version 12.00
# Visual Studio 15
VisualStudioVersion = 15.0.27130.2024
MinimumVisualStudioVersion = 10.0.40219.1
Project("{FAE04EC0-301F-11D3-BF4B-00C04F79EFBC}") = "FileSystemWatcher", "FileSystemWatcher\FileSystemWatcher.csproj", "{5D2CE37B-9B9E-41AD-B653-BF026F0C2E2F}"
EndProject
Global
	GlobalSection(SolutionConfigurationPlatforms) = preSolution
		Debug|Any CPU = Debug|Any CPU
		Release|Any CPU = Release|Any CPU
	EndGlobalSection
	GlobalSection(ProjectConfigurationPlatforms) = postSolution
		{5D2CE37B-9B9E-41AD-B653-BF026F0C2E2F}.Debug|Any CPU.ActiveCfg = Debug|Any CPU
		{5D2CE37B-9B9E-41AD-B653-BF026F0C2E2F}.Debug|Any CPU.Build.0 = Debug|Any CPU
		{5D2CE37B-9B9E-41AD-B653-BF026F0C2E2F}.Release|Any CPU.ActiveCfg = Release|Any CPU
		{5D2CE37B-9B9E-41AD-B653-BF026F0C2E2F}.Release|Any CPU.Build.0 = Release|Any CPU
	EndGlobalSection
	GlobalSection(SolutionProperties) = preSolution
		HideSolutionNode = FALSE
	EndGlobalSection
	GlobalSection(ExtensibilityGlobals) = postSolution
		SolutionGuid = {80CEAF20-6E39-4204-8D2C-D7F4FD9EEA95}
	EndGlobalSection
EndGlobal
